// !$*UTF8*$!
{
	archiveVersion = 1;
	classes = {
	};
	objectVersion = 50;
	objects = {

/* Begin PBXBuildFile section */
		027DC4B1217F977300E52D99 /* AppDelegate.swift in Sources */ = {isa = PBXBuildFile; fileRef = 027DC4B0217F977300E52D99 /* AppDelegate.swift */; };
		027DC4B3217F977300E52D99 /* AlgorithmViewController.swift in Sources */ = {isa = PBXBuildFile; fileRef = 027DC4B2217F977300E52D99 /* AlgorithmViewController.swift */; };
		027DC4B6217F977300E52D99 /* Main.storyboard in Resources */ = {isa = PBXBuildFile; fileRef = 027DC4B4217F977300E52D99 /* Main.storyboard */; };
		027DC4B8217F978200E52D99 /* Assets.xcassets in Resources */ = {isa = PBXBuildFile; fileRef = 027DC4B7217F978200E52D99 /* Assets.xcassets */; };
		027DC4BB217F978200E52D99 /* LaunchScreen.storyboard in Resources */ = {isa = PBXBuildFile; fileRef = 027DC4B9217F978200E52D99 /* LaunchScreen.storyboard */; };
		027DC4C5217F986400E52D99 /* AlgorithmModel.swift in Sources */ = {isa = PBXBuildFile; fileRef = 027DC4C4217F986400E52D99 /* AlgorithmModel.swift */; };
/* End PBXBuildFile section */

/* Begin PBXFileReference section */
		027DC4AD217F977300E52D99 /* AlgorithmAaron.app */ = {isa = PBXFileReference; explicitFileType = wrapper.application; includeInIndex = 0; path = AlgorithmAaron.app; sourceTree = BUILT_PRODUCTS_DIR; };
		027DC4B0217F977300E52D99 /* AppDelegate.swift */ = {isa = PBXFileReference; lastKnownFileType = sourcecode.swift; path = AppDelegate.swift; sourceTree = "<group>"; };
		027DC4B2217F977300E52D99 /* AlgorithmViewController.swift */ = {isa = PBXFileReference; lastKnownFileType = sourcecode.swift; path = AlgorithmViewController.swift; sourceTree = "<group>"; };
		027DC4B5217F977300E52D99 /* Base */ = {isa = PBXFileReference; lastKnownFileType = file.storyboard; name = Base; path = Base.lproj/Main.storyboard; sourceTree = "<group>"; };
		027DC4B7217F978200E52D99 /* Assets.xcassets */ = {isa = PBXFileReference; lastKnownFileType = folder.assetcatalog; path = Assets.xcassets; sourceTree = "<group>"; };
		027DC4BA217F978200E52D99 /* Base */ = {isa = PBXFileReference; lastKnownFileType = file.storyboard; name = Base; path = Base.lproj/LaunchScreen.storyboard; sourceTree = "<group>"; };
		027DC4BC217F978200E52D99 /* Info.plist */ = {isa = PBXFileReference; lastKnownFileType = text.plist.xml; path = Info.plist; sourceTree = "<group>"; };
		027DC4C4217F986400E52D99 /* AlgorithmModel.swift */ = {isa = PBXFileReference; lastKnownFileType = sourcecode.swift; path = AlgorithmModel.swift; sourceTree = "<group>"; };
/* End PBXFileReference section */

/* Begin PBXFrameworksBuildPhase section */
		027DC4AA217F977300E52D99 /* Frameworks */ = {
			isa = PBXFrameworksBuildPhase;
			buildActionMask = 2147483647;
			files = (
			);
			runOnlyForDeploymentPostprocessing = 0;
		};
/* End PBXFrameworksBuildPhase section */

/* Begin PBXGroup section */
		027DC4A4217F977300E52D99 = {
			isa = PBXGroup;
			children = (
				027DC4AF217F977300E52D99 /* AlgorithmAaron */,
				027DC4AE217F977300E52D99 /* Products */,
			);
			sourceTree = "<group>";
		};
		027DC4AE217F977300E52D99 /* Products */ = {
			isa = PBXGroup;
			children = (
				027DC4AD217F977300E52D99 /* AlgorithmAaron.app */,
			);
			name = Products;
			sourceTree = "<group>";
		};
		027DC4AF217F977300E52D99 /* AlgorithmAaron */ = {
			isa = PBXGroup;
			children = (
				027DC4C7217F988F00E52D99 /* Controller */,
				027DC4C3217F982900E52D99 /* Rescources */,
				027DC4C2217F97EE00E52D99 /* View */,
				027DC4C6217F986C00E52D99 /* Model */,
			);
			path = AlgorithmAaron;
			sourceTree = "<group>";
		};
		027DC4C2217F97EE00E52D99 /* View */ = {
			isa = PBXGroup;
			children = (
				027DC4B4217F977300E52D99 /* Main.storyboard */,
				027DC4B9217F978200E52D99 /* LaunchScreen.storyboard */,
			);
			path = View;
			sourceTree = "<group>";
		};
		027DC4C3217F982900E52D99 /* Rescources */ = {
			isa = PBXGroup;
			children = (
				027DC4B0217F977300E52D99 /* AppDelegate.swift */,
				027DC4B7217F978200E52D99 /* Assets.xcassets */,
				027DC4BC217F978200E52D99 /* Info.plist */,
			);
			path = Rescources;
			sourceTree = "<group>";
		};
		027DC4C6217F986C00E52D99 /* Model */ = {
			isa = PBXGroup;
			children = (
				027DC4C4217F986400E52D99 /* AlgorithmModel.swift */,
			);
			path = Model;
			sourceTree = "<group>";
		};
		027DC4C7217F988F00E52D99 /* Controller */ = {
			isa = PBXGroup;
			children = (
				027DC4B2217F977300E52D99 /* AlgorithmViewController.swift */,
			);
			path = Controller;
			sourceTree = "<group>";
		};
/* End PBXGroup section */

/* Begin PBXNativeTarget section */
		027DC4AC217F977300E52D99 /* AlgorithmAaron */ = {
			isa = PBXNativeTarget;
			buildConfigurationList = 027DC4BF217F978200E52D99 /* Build configuration list for PBXNativeTarget "AlgorithmAaron" */;
			buildPhases = (
				027DC4A9217F977300E52D99 /* Sources */,
				027DC4AA217F977300E52D99 /* Frameworks */,
				027DC4AB217F977300E52D99 /* Resources */,
			);
			buildRules = (
			);
			dependencies = (
			);
			name = AlgorithmAaron;
			productName = AlgorithmAaron;
			productReference = 027DC4AD217F977300E52D99 /* AlgorithmAaron.app */;
			productType = "com.apple.product-type.application";
		};
/* End PBXNativeTarget section */

/* Begin PBXProject section */
		027DC4A5217F977300E52D99 /* Project object */ = {
			isa = PBXProject;
			attributes = {
				LastSwiftUpdateCheck = 0940;
				LastUpgradeCheck = 0940;
				ORGANIZATIONNAME = Ctec;
				TargetAttributes = {
					027DC4AC217F977300E52D99 = {
						CreatedOnToolsVersion = 9.4.1;
					};
				};
			};
			buildConfigurationList = 027DC4A8217F977300E52D99 /* Build configuration list for PBXProject "AlgorithmAaron" */;
			compatibilityVersion = "Xcode 9.3";
			developmentRegion = en;
			hasScannedForEncodings = 0;
			knownRegions = (
				en,
				Base,
			);
			mainGroup = 027DC4A4217F977300E52D99;
			productRefGroup = 027DC4AE217F977300E52D99 /* Products */;
			projectDirPath = "";
			projectRoot = "";
			targets = (
				027DC4AC217F977300E52D99 /* AlgorithmAaron */,
			);
		};
/* End PBXProject section */

/* Begin PBXResourcesBuildPhase section */
		027DC4AB217F977300E52D99 /* Resources */ = {
			isa = PBXResourcesBuildPhase;
			buildActionMask = 2147483647;
			files = (
				027DC4BB217F978200E52D99 /* LaunchScreen.storyboard in Resources */,
				027DC4B8217F978200E52D99 /* Assets.xcassets in Resources */,
				027DC4B6217F977300E52D99 /* Main.storyboard in Resources */,
			);
			runOnlyForDeploymentPostprocessing = 0;
		};
/* End PBXResourcesBuildPhase section */

/* Begin PBXSourcesBuildPhase section */
		027DC4A9217F977300E52D99 /* Sources */ = {
			isa = PBXSourcesBuildPhase;
			buildActionMask = 2147483647;
			files = (
				027DC4B3217F977300E52D99 /* AlgorithmViewController.swift in Sources */,
				027DC4C5217F986400E52D99 /* AlgorithmModel.swift in Sources */,
				027DC4B1217F977300E52D99 /* AppDelegate.swift in Sources */,
			);
			runOnlyForDeploymentPostprocessing = 0;
		};
/* End PBXSourcesBuildPhase section */

/* Begin PBXVariantGroup section */
		027DC4B4217F977300E52D99 /* Main.storyboard */ = {
			isa = PBXVariantGroup;
			children = (
				027DC4B5217F977300E52D99 /* Base */,
			);
			name = Main.storyboard;
			sourceTree = "<group>";
		};
		027DC4B9217F978200E52D99 /* LaunchScreen.storyboard */ = {
			isa = PBXVariantGroup;
			children = (
				027DC4BA217F978200E52D99 /* Base */,
			);
			name = LaunchScreen.storyboard;
			sourceTree = "<group>";
		};
/* End PBXVariantGroup section */

/* Begin XCBuildConfiguration section */
		027DC4BD217F978200E52D99 /* Debug */ = {
			isa = XCBuildConfiguration;
			buildSettings = {
				ALWAYS_SEARCH_USER_PATHS = NO;
				CLANG_ANALYZER_NONNULL = YES;
				CLANG_ANALYZER_NUMBER_OBJECT_CONVERSION = YES_AGGRESSIVE;
				CLANG_CXX_LANGUAGE_STANDARD = "gnu++14";
				CLANG_CXX_LIBRARY = "libc++";
				CLANG_ENABLE_MODULES = YES;
				CLANG_ENABLE_OBJC_ARC = YES;
				CLANG_ENABLE_OBJC_WEAK = YES;
				CLANG_WARN_BLOCK_CAPTURE_AUTORELEASING = YES;
				CLANG_WARN_BOOL_CONVERSION = YES;
				CLANG_WARN_COMMA = YES;
				CLANG_WARN_CONSTANT_CONVERSION = YES;
				CLANG_WARN_DEPRECATED_OBJC_IMPLEMENTATIONS = YES;
				CLANG_WARN_DIRECT_OBJC_ISA_USAGE = YES_ERROR;
				CLANG_WARN_DOCUMENTATION_COMMENTS = YES;
				CLANG_WARN_EMPTY_BODY = YES;
				CLANG_WARN_ENUM_CONVERSION = YES;
				CLANG_WARN_INFINITE_RECURSION = YES;
				CLANG_WARN_INT_CONVERSION = YES;
				CLANG_WARN_NON_LITERAL_NULL_CONVERSION = YES;
				CLANG_WARN_OBJC_IMPLICIT_RETAIN_SELF = YES;
				CLANG_WARN_OBJC_LITERAL_CONVERSION = YES;
				CLANG_WARN_OBJC_ROOT_CLASS = YES_ERROR;
				CLANG_WARN_RANGE_LOOP_ANALYSIS = YES;
				CLANG_WARN_STRICT_PROTOTYPES = YES;
				CLANG_WARN_SUSPICIOUS_MOVE = YES;
				CLANG_WARN_UNGUARDED_AVAILABILITY = YES_AGGRESSIVE;
				CLANG_WARN_UNREACHABLE_CODE = YES;
				CLANG_WARN__DUPLICATE_METHOD_MATCH = YES;
				CODE_SIGN_IDENTITY = "iPhone Developer";
				COPY_PHASE_STRIP = NO;
				DEBUG_INFORMATION_FORMAT = dwarf;
				ENABLE_STRICT_OBJC_MSGSEND = YES;
				ENABLE_TESTABILITY = YES;
				GCC_C_LANGUAGE_STANDARD = gnu11;
				GCC_DYNAMIC_NO_PIC = NO;
				GCC_NO_COMMON_BLOCKS = YES;
				GCC_OPTIMIZATION_LEVEL = 0;
				GCC_PREPROCESSOR_DEFINITIONS = (
					"DEBUG=1",
					"$(inherited)",
				);
				GCC_WARN_64_TO_32_BIT_CONVERSION = YES;
				GCC_WARN_ABOUT_RETURN_TYPE = YES_ERROR;
				GCC_WARN_UNDECLARED_SELECTOR = YES;
				GCC_WARN_UNINITIALIZED_AUTOS = YES_AGGRESSIVE;
				GCC_WARN_UNUSED_FUNCTION = YES;
				GCC_WARN_UNUSED_VARIABLE = YES;
				IPHONEOS_DEPLOYMENT_TARGET = 11.4;
				MTL_ENABLE_DEBUG_INFO = YES;
				ONLY_ACTIVE_ARCH = YES;
				SDKROOT = iphoneos;
				SWIFT_ACTIVE_COMPILATION_CONDITIONS = DEBUG;
				SWIFT_OPTIMIZATION_LEVEL = "-Onone";
			};
			name = Debug;
		};
		027DC4BE217F978200E52D99 /* Release */ = {
			isa = XCBuildConfiguration;
			buildSettings = {
				ALWAYS_SEARCH_USER_PATHS = NO;
				CLANG_ANALYZER_NONNULL = YES;
				CLANG_ANALYZER_NUMBER_OBJECT_CONVERSION = YES_AGGRESSIVE;
				CLANG_CXX_LANGUAGE_STANDARD = "gnu++14";
				CLANG_CXX_LIBRARY = "libc++";
				CLANG_ENABLE_MODULES = YES;
				CLANG_ENABLE_OBJC_ARC = YES;
				CLANG_ENABLE_OBJC_WEAK = YES;
				CLANG_WARN_BLOCK_CAPTURE_AUTORELEASING = YES;
				CLANG_WARN_BOOL_CONVERSION = YES;
				CLANG_WARN_COMMA = YES;
				CLANG_WARN_CONSTANT_CONVERSION = YES;
				CLANG_WARN_DEPRECATED_OBJC_IMPLEMENTATIONS = YES;
				CLANG_WARN_DIRECT_OBJC_ISA_USAGE = YES_ERROR;
				CLANG_WARN_DOCUMENTATION_COMMENTS = YES;
				CLANG_WARN_EMPTY_BODY = YES;
				CLANG_WARN_ENUM_CONVERSION = YES;
				CLANG_WARN_INFINITE_RECURSION = YES;
				CLANG_WARN_INT_CONVERSION = YES;
				CLANG_WARN_NON_LITERAL_NULL_CONVERSION = YES;
				CLANG_WARN_OBJC_IMPLICIT_RETAIN_SELF = YES;
				CLANG_WARN_OBJC_LITERAL_CONVERSION = YES;
				CLANG_WARN_OBJC_ROOT_CLASS = YES_ERROR;
				CLANG_WARN_RANGE_LOOP_ANALYSIS = YES;
				CLANG_WARN_STRICT_PROTOTYPES = YES;
				CLANG_WARN_SUSPICIOUS_MOVE = YES;
				CLANG_WARN_UNGUARDED_AVAILABILITY = YES_AGGRESSIVE;
				CLANG_WARN_UNREACHABLE_CODE = YES;
				CLANG_WARN__DUPLICATE_METHOD_MATCH = YES;
				CODE_SIGN_IDENTITY = "iPhone Developer";
				COPY_PHASE_STRIP = NO;
				DEBUG_INFORMATION_FORMAT = "dwarf-with-dsym";
				ENABLE_NS_ASSERTIONS = NO;
				ENABLE_STRICT_OBJC_MSGSEND = YES;
				GCC_C_LANGUAGE_STANDARD = gnu11;
				GCC_NO_COMMON_BLOCKS = YES;
				GCC_WARN_64_TO_32_BIT_CONVERSION = YES;
				GCC_WARN_ABOUT_RETURN_TYPE = YES_ERROR;
				GCC_WARN_UNDECLARED_SELECTOR = YES;
				GCC_WARN_UNINITIALIZED_AUTOS = YES_AGGRESSIVE;
				GCC_WARN_UNUSED_FUNCTION = YES;
				GCC_WARN_UNUSED_VARIABLE = YES;
				IPHONEOS_DEPLOYMENT_TARGET = 11.4;
				MTL_ENABLE_DEBUG_INFO = NO;
				SDKROOT = iphoneos;
				SWIFT_COMPILATION_MODE = wholemodule;
				SWIFT_OPTIMIZATION_LEVEL = "-O";
				VALIDATE_PRODUCT = YES;
			};
			name = Release;
		};
		027DC4C0217F978200E52D99 /* Debug */ = {
			isa = XCBuildConfiguration;
			buildSettings = {
				ASSETCATALOG_COMPILER_APPICON_NAME = AppIcon;
				CODE_SIGN_STYLE = Automatic;
				INFOPLIST_FILE = "$(SRCROOT)/AlgorithmAaron/Rescources/Info.plist";
				LD_RUNPATH_SEARCH_PATHS = (
					"$(inherited)",
					"@executable_path/Frameworks",
				);
				PRODUCT_BUNDLE_IDENTIFIER = Ctec.AlgorithmAaron;
				PRODUCT_NAME = "$(TARGET_NAME)";
				SWIFT_VERSION = 4.0;
				TARGETED_DEVICE_FAMILY = "1,2";
			};
			name = Debug;
		};
		027DC4C1217F978200E52D99 /* Release */ = {
			isa = XCBuildConfiguration;
			buildSettings = {
				ASSETCATALOG_COMPILER_APPICON_NAME = AppIcon;
				CODE_SIGN_STYLE = Automatic;
				INFOPLIST_FILE = "$(SRCROOT)/AlgorithmAaron/Rescources/Info.plist";
				LD_RUNPATH_SEARCH_PATHS = (
					"$(inherited)",
					"@executable_path/Frameworks",
				);
				PRODUCT_BUNDLE_IDENTIFIER = Ctec.AlgorithmAaron;
				PRODUCT_NAME = "$(TARGET_NAME)";
				SWIFT_VERSION = 4.0;
				TARGETED_DEVICE_FAMILY = "1,2";
			};
			name = Release;
		};
/* End XCBuildConfiguration section */

/* Begin XCConfigurationList section */
		027DC4A8217F977300E52D99 /* Build configuration list for PBXProject "AlgorithmAaron" */ = {
			isa = XCConfigurationList;
			buildConfigurations = (
				027DC4BD217F978200E52D99 /* Debug */,
				027DC4BE217F978200E52D99 /* Release */,
			);
			defaultConfigurationIsVisible = 0;
			defaultConfigurationName = Release;
		};
		027DC4BF217F978200E52D99 /* Build configuration list for PBXNativeTarget "AlgorithmAaron" */ = {
			isa = XCConfigurationList;
			buildConfigurations = (
				027DC4C0217F978200E52D99 /* Debug */,
				027DC4C1217F978200E52D99 /* Release */,
			);
			defaultConfigurationIsVisible = 0;
			defaultConfigurationName = Release;
		};
/* End XCConfigurationList section */
	};
	rootObject = 027DC4A5217F977300E52D99 /* Project object */;
}
